
Microsoft Visual Studio Solution File, Format Version 12.00
Project("{2150E333-8FDC-42A3-9474-1A3956D46DE8}") = "src", "src", "{0A050059-5E5A-47FC-BA2B-01FA515CC1FA}"
EndProject
Project("{2150E333-8FDC-42A3-9474-1A3956D46DE8}") = "API", "API", "{DBE5681F-267C-4600-B8BA-4DB71D1ECCC8}"
EndProject
Project("{FAE04EC0-301F-11D3-BF4B-00C04F79EFBC}") = "Scout.WebAPI", "Scout.WebAPI\Scout.WebAPI.csproj", "{A5456CCB-27CF-47F4-A19F-F6B0A90B0E32}"
EndProject
Project("{2150E333-8FDC-42A3-9474-1A3956D46DE8}") = "Core", "Core", "{BD015F98-9B36-4BC0-9009-78F2C90A66C9}"
EndProject
Project("{2150E333-8FDC-42A3-9474-1A3956D46DE8}") = "Shared", "Shared", "{6280BF25-3FAA-4D9A-B95F-A0FD12C074BE}"
EndProject
Project("{2150E333-8FDC-42A3-9474-1A3956D46DE8}") = "Infrastructure", "Infrastructure", "{369580D9-15DE-4414-8C32-E93129969001}"
EndProject
Project("{FAE04EC0-301F-11D3-BF4B-00C04F79EFBC}") = "Scout.Application", "Scout.Application\Scout.Application.csproj", "{454569AC-93C3-4B44-A512-1DDA500D42B9}"
EndProject
Project("{FAE04EC0-301F-11D3-BF4B-00C04F79EFBC}") = "Scout.Domain", "Scout.Domain\Scout.Domain.csproj", "{EAF64EE4-7EAD-4AA7-8A1F-1C5F6A9FF709}"
EndProject
Project("{FAE04EC0-301F-11D3-BF4B-00C04F79EFBC}") = "Scout.Infrastructure", "Scout.Infrastructure\Scout.Infrastructure.csproj", "{EFB112AC-4368-4718-98C9-7EF1EED4C850}"
EndProject
Project("{FAE04EC0-301F-11D3-BF4B-00C04F79EFBC}") = "Scout.Persistence", "Scout.Persistence\Scout.Persistence.csproj", "{B6A1FBE9-89F5-4A17-B263-A0165DC05C27}"
EndProject
Project("{FAE04EC0-301F-11D3-BF4B-00C04F79EFBC}") = "Scout.Shared", "Scout.Shared\Scout.Shared.csproj", "{90F02189-E414-4729-8396-B2D9B8A469F4}"
EndProject
Project("{FAE04EC0-301F-11D3-BF4B-00C04F79EFBC}") = "Scout.Shared.Abstractions", "Scout.Shared.Abstractions\Scout.Shared.Abstractions.csproj", "{16E24A2A-E703-494A-8371-7E0373D5E2F2}"
EndProject
Global
	GlobalSection(SolutionConfigurationPlatforms) = preSolution
		Debug|Any CPU = Debug|Any CPU
		Release|Any CPU = Release|Any CPU
	EndGlobalSection
	GlobalSection(NestedProjects) = preSolution
		{DBE5681F-267C-4600-B8BA-4DB71D1ECCC8} = {0A050059-5E5A-47FC-BA2B-01FA515CC1FA}
		{A5456CCB-27CF-47F4-A19F-F6B0A90B0E32} = {DBE5681F-267C-4600-B8BA-4DB71D1ECCC8}
		{BD015F98-9B36-4BC0-9009-78F2C90A66C9} = {0A050059-5E5A-47FC-BA2B-01FA515CC1FA}
		{6280BF25-3FAA-4D9A-B95F-A0FD12C074BE} = {0A050059-5E5A-47FC-BA2B-01FA515CC1FA}
		{369580D9-15DE-4414-8C32-E93129969001} = {0A050059-5E5A-47FC-BA2B-01FA515CC1FA}
		{454569AC-93C3-4B44-A512-1DDA500D42B9} = {BD015F98-9B36-4BC0-9009-78F2C90A66C9}
		{EAF64EE4-7EAD-4AA7-8A1F-1C5F6A9FF709} = {BD015F98-9B36-4BC0-9009-78F2C90A66C9}
		{EFB112AC-4368-4718-98C9-7EF1EED4C850} = {369580D9-15DE-4414-8C32-E93129969001}
		{B6A1FBE9-89F5-4A17-B263-A0165DC05C27} = {369580D9-15DE-4414-8C32-E93129969001}
		{90F02189-E414-4729-8396-B2D9B8A469F4} = {6280BF25-3FAA-4D9A-B95F-A0FD12C074BE}
		{16E24A2A-E703-494A-8371-7E0373D5E2F2} = {6280BF25-3FAA-4D9A-B95F-A0FD12C074BE}
	EndGlobalSection
	GlobalSection(ProjectConfigurationPlatforms) = postSolution
		{A5456CCB-27CF-47F4-A19F-F6B0A90B0E32}.Debug|Any CPU.ActiveCfg = Debug|Any CPU
		{A5456CCB-27CF-47F4-A19F-F6B0A90B0E32}.Debug|Any CPU.Build.0 = Debug|Any CPU
		{A5456CCB-27CF-47F4-A19F-F6B0A90B0E32}.Release|Any CPU.ActiveCfg = Release|Any CPU
		{A5456CCB-27CF-47F4-A19F-F6B0A90B0E32}.Release|Any CPU.Build.0 = Release|Any CPU
		{454569AC-93C3-4B44-A512-1DDA500D42B9}.Debug|Any CPU.ActiveCfg = Debug|Any CPU
		{454569AC-93C3-4B44-A512-1DDA500D42B9}.Debug|Any CPU.Build.0 = Debug|Any CPU
		{454569AC-93C3-4B44-A512-1DDA500D42B9}.Release|Any CPU.ActiveCfg = Release|Any CPU
		{454569AC-93C3-4B44-A512-1DDA500D42B9}.Release|Any CPU.Build.0 = Release|Any CPU
		{EAF64EE4-7EAD-4AA7-8A1F-1C5F6A9FF709}.Debug|Any CPU.ActiveCfg = Debug|Any CPU
		{EAF64EE4-7EAD-4AA7-8A1F-1C5F6A9FF709}.Debug|Any CPU.Build.0 = Debug|Any CPU
		{EAF64EE4-7EAD-4AA7-8A1F-1C5F6A9FF709}.Release|Any CPU.ActiveCfg = Release|Any CPU
		{EAF64EE4-7EAD-4AA7-8A1F-1C5F6A9FF709}.Release|Any CPU.Build.0 = Release|Any CPU
		{EFB112AC-4368-4718-98C9-7EF1EED4C850}.Debug|Any CPU.ActiveCfg = Debug|Any CPU
		{EFB112AC-4368-4718-98C9-7EF1EED4C850}.Debug|Any CPU.Build.0 = Debug|Any CPU
		{EFB112AC-4368-4718-98C9-7EF1EED4C850}.Release|Any CPU.ActiveCfg = Release|Any CPU
		{EFB112AC-4368-4718-98C9-7EF1EED4C850}.Release|Any CPU.Build.0 = Release|Any CPU
		{B6A1FBE9-89F5-4A17-B263-A0165DC05C27}.Debug|Any CPU.ActiveCfg = Debug|Any CPU
		{B6A1FBE9-89F5-4A17-B263-A0165DC05C27}.Debug|Any CPU.Build.0 = Debug|Any CPU
		{B6A1FBE9-89F5-4A17-B263-A0165DC05C27}.Release|Any CPU.ActiveCfg = Release|Any CPU
		{B6A1FBE9-89F5-4A17-B263-A0165DC05C27}.Release|Any CPU.Build.0 = Release|Any CPU
		{90F02189-E414-4729-8396-B2D9B8A469F4}.Debug|Any CPU.ActiveCfg = Debug|Any CPU
		{90F02189-E414-4729-8396-B2D9B8A469F4}.Debug|Any CPU.Build.0 = Debug|Any CPU
		{90F02189-E414-4729-8396-B2D9B8A469F4}.Release|Any CPU.ActiveCfg = Release|Any CPU
		{90F02189-E414-4729-8396-B2D9B8A469F4}.Release|Any CPU.Build.0 = Release|Any CPU
		{16E24A2A-E703-494A-8371-7E0373D5E2F2}.Debug|Any CPU.ActiveCfg = Debug|Any CPU
		{16E24A2A-E703-494A-8371-7E0373D5E2F2}.Debug|Any CPU.Build.0 = Debug|Any CPU
		{16E24A2A-E703-494A-8371-7E0373D5E2F2}.Release|Any CPU.ActiveCfg = Release|Any CPU
		{16E24A2A-E703-494A-8371-7E0373D5E2F2}.Release|Any CPU.Build.0 = Release|Any CPU
	EndGlobalSection
EndGlobal
